
Microsoft Visual Studio Solution File, Format Version 12.00
# Visual Studio Version 17
VisualStudioVersion = 17.6.33815.320
MinimumVisualStudioVersion = 10.0.40219.1
Project("{FAE04EC0-301F-11D3-BF4B-00C04F79EFBC}") = "DateApp", "DateApp\DateApp.csproj", "{DCBB5FA8-663B-4EF1-8836-BD291D43B3A0}"
EndProject
Global
	GlobalSection(SolutionConfigurationPlatforms) = preSolution
		Debug|Any CPU = Debug|Any CPU
		Release|Any CPU = Release|Any CPU
	EndGlobalSection
	GlobalSection(ProjectConfigurationPlatforms) = postSolution
		{DCBB5FA8-663B-4EF1-8836-BD291D43B3A0}.Debug|Any CPU.ActiveCfg = Debug|Any CPU
		{DCBB5FA8-663B-4EF1-8836-BD291D43B3A0}.Debug|Any CPU.Build.0 = Debug|Any CPU
		{DCBB5FA8-663B-4EF1-8836-BD291D43B3A0}.Release|Any CPU.ActiveCfg = Release|Any CPU
		{DCBB5FA8-663B-4EF1-8836-BD291D43B3A0}.Release|Any CPU.Build.0 = Release|Any CPU
	EndGlobalSection
	GlobalSection(SolutionProperties) = preSolution
		HideSolutionNode = FALSE
	EndGlobalSection
	GlobalSection(ExtensibilityGlobals) = postSolution
		SolutionGuid = {442A0AF6-C970-464C-B344-1299A20FDF8D}
	EndGlobalSection
EndGlobal
